{
  "name": "auto-pgn",
  "version": "1.0.0",
  "lockfileVersion": 3,
  "requires": true,
  "packages": {
    "": {
      "name": "auto-pgn",
      "version": "1.0.0",
      "license": "MIT",
      "dependencies": {
        "js-aruco2": "^2.0.0"
      }
    },
    "node_modules/js-aruco2": {
      "version": "2.0.0",
      "resolved": "https://registry.npmjs.org/js-aruco2/-/js-aruco2-2.0.0.tgz",
      "integrity": "sha512-2R9P7INqIkg1fsGBazSDLChmfwJpbaYN26gO6wFr1TLIOrvwQf0YzuhwVZAPF8frQ4cjdppAN0dRmExEd/6wqw==",
      "license": "MIT",
      "engines": {
        "node": ">=12.0.0"
      }
    }
  }
}
